
Microsoft Visual Studio Solution File, Format Version 12.00
# Visual Studio Version 17
VisualStudioVersion = 17.10.35122.118
MinimumVisualStudioVersion = 10.0.40219.1
Project("{9A19103F-16F7-4668-BE54-9A1E7A4F7556}") = "Proyecto", "Proyecto\Proyecto.csproj", "{0D72E65B-8296-40AB-9940-2FE2BD95F46F}"
EndProject
Project("{FAE04EC0-301F-11D3-BF4B-00C04F79EFBC}") = "Api", "Api\Api.csproj", "{3966C8B5-0A25-494E-828B-3224D591AF03}"
EndProject
Project("{FAE04EC0-301F-11D3-BF4B-00C04F79EFBC}") = "Common", "Common\Common.csproj", "{B1A653A6-FBAE-4011-8A9C-A6E690DF97D4}"
EndProject
Project("{FAE04EC0-301F-11D3-BF4B-00C04F79EFBC}") = "Data", "Data\Data.csproj", "{3967329F-57EE-4FAB-A471-803E721B1B2B}"
EndProject
Global
	GlobalSection(SolutionConfigurationPlatforms) = preSolution
		Debug|Any CPU = Debug|Any CPU
		Release|Any CPU = Release|Any CPU
	EndGlobalSection
	GlobalSection(ProjectConfigurationPlatforms) = postSolution
		{0D72E65B-8296-40AB-9940-2FE2BD95F46F}.Debug|Any CPU.ActiveCfg = Debug|Any CPU
		{0D72E65B-8296-40AB-9940-2FE2BD95F46F}.Debug|Any CPU.Build.0 = Debug|Any CPU
		{0D72E65B-8296-40AB-9940-2FE2BD95F46F}.Release|Any CPU.ActiveCfg = Release|Any CPU
		{0D72E65B-8296-40AB-9940-2FE2BD95F46F}.Release|Any CPU.Build.0 = Release|Any CPU
		{3966C8B5-0A25-494E-828B-3224D591AF03}.Debug|Any CPU.ActiveCfg = Debug|Any CPU
		{3966C8B5-0A25-494E-828B-3224D591AF03}.Debug|Any CPU.Build.0 = Debug|Any CPU
		{3966C8B5-0A25-494E-828B-3224D591AF03}.Release|Any CPU.ActiveCfg = Release|Any CPU
		{3966C8B5-0A25-494E-828B-3224D591AF03}.Release|Any CPU.Build.0 = Release|Any CPU
		{B1A653A6-FBAE-4011-8A9C-A6E690DF97D4}.Debug|Any CPU.ActiveCfg = Debug|Any CPU
		{B1A653A6-FBAE-4011-8A9C-A6E690DF97D4}.Debug|Any CPU.Build.0 = Debug|Any CPU
		{B1A653A6-FBAE-4011-8A9C-A6E690DF97D4}.Release|Any CPU.ActiveCfg = Release|Any CPU
		{B1A653A6-FBAE-4011-8A9C-A6E690DF97D4}.Release|Any CPU.Build.0 = Release|Any CPU
		{3967329F-57EE-4FAB-A471-803E721B1B2B}.Debug|Any CPU.ActiveCfg = Debug|Any CPU
		{3967329F-57EE-4FAB-A471-803E721B1B2B}.Debug|Any CPU.Build.0 = Debug|Any CPU
		{3967329F-57EE-4FAB-A471-803E721B1B2B}.Release|Any CPU.ActiveCfg = Release|Any CPU
		{3967329F-57EE-4FAB-A471-803E721B1B2B}.Release|Any CPU.Build.0 = Release|Any CPU
	EndGlobalSection
	GlobalSection(SolutionProperties) = preSolution
		HideSolutionNode = FALSE
	EndGlobalSection
	GlobalSection(ExtensibilityGlobals) = postSolution
		SolutionGuid = {19075878-189F-439C-9300-96219CDA8336}
	EndGlobalSection
EndGlobal
